// !$*UTF8*$!
{
	archiveVersion = 1;
	classes = {
	};
	objectVersion = 52;
	objects = {

/* Begin PBXBuildFile section */
		97F21FD825A6E3A700BD3C58 /* AppDelegate.swift in Sources */ = {isa = PBXBuildFile; fileRef = 97F21FD725A6E3A700BD3C58 /* AppDelegate.swift */; };
		97F21FDA25A6E3A700BD3C58 /* SceneDelegate.swift in Sources */ = {isa = PBXBuildFile; fileRef = 97F21FD925A6E3A700BD3C58 /* SceneDelegate.swift */; };
		97F21FDC25A6E3A700BD3C58 /* MapViewController.swift in Sources */ = {isa = PBXBuildFile; fileRef = 97F21FDB25A6E3A700BD3C58 /* MapViewController.swift */; };
		97F21FDF25A6E3A700BD3C58 /* Main.storyboard in Resources */ = {isa = PBXBuildFile; fileRef = 97F21FDD25A6E3A700BD3C58 /* Main.storyboard */; };
		97F21FE125A6E3AC00BD3C58 /* Assets.xcassets in Resources */ = {isa = PBXBuildFile; fileRef = 97F21FE025A6E3AC00BD3C58 /* Assets.xcassets */; };
		97F21FE425A6E3AC00BD3C58 /* LaunchScreen.storyboard in Resources */ = {isa = PBXBuildFile; fileRef = 97F21FE225A6E3AC00BD3C58 /* LaunchScreen.storyboard */; };
		97F21FF925A6F0FC00BD3C58 /* DetailViewController.swift in Sources */ = {isa = PBXBuildFile; fileRef = 97F21FF825A6F0FC00BD3C58 /* DetailViewController.swift */; };
		97F21FFD25A7D9E400BD3C58 /* CoordinateExtension.swift in Sources */ = {isa = PBXBuildFile; fileRef = 97F21FFC25A7D9E400BD3C58 /* CoordinateExtension.swift */; };
		97F2200925A8FBD200BD3C58 /* VTClient.swift in Sources */ = {isa = PBXBuildFile; fileRef = 97F2200825A8FBD200BD3C58 /* VTClient.swift */; };
		97F2204625A939AD00BD3C58 /* OAuthSwift in Frameworks */ = {isa = PBXBuildFile; productRef = 97F2204525A939AD00BD3C58 /* OAuthSwift */; };
		97F2205725A970F000BD3C58 /* Model.xcdatamodeld in Sources */ = {isa = PBXBuildFile; fileRef = 97F2205525A970F000BD3C58 /* Model.xcdatamodeld */; };
		97F2205B25A99DD400BD3C58 /* Alamofire in Frameworks */ = {isa = PBXBuildFile; productRef = 97F2205A25A99DD400BD3C58 /* Alamofire */; };
		97F2206225A9A92400BD3C58 /* PhotoInfo.swift in Sources */ = {isa = PBXBuildFile; fileRef = 97F2206125A9A92400BD3C58 /* PhotoInfo.swift */; };
		97F2206525AA089C00BD3C58 /* Photos.swift in Sources */ = {isa = PBXBuildFile; fileRef = 97F2206425AA089C00BD3C58 /* Photos.swift */; };
		97F2206825AA0AD500BD3C58 /* PhotoSearch.swift in Sources */ = {isa = PBXBuildFile; fileRef = 97F2206725AA0AD500BD3C58 /* PhotoSearch.swift */; };
		97F2206C25AA512200BD3C58 /* ImageCollectionViewCell.swift in Sources */ = {isa = PBXBuildFile; fileRef = 97F2206B25AA512100BD3C58 /* ImageCollectionViewCell.swift */; };
		97F2206F25AA694C00BD3C58 /* AppData.swift in Sources */ = {isa = PBXBuildFile; fileRef = 97F2206E25AA694C00BD3C58 /* AppData.swift */; };
		97F2207225AA75FA00BD3C58 /* NotificationExtension.swift in Sources */ = {isa = PBXBuildFile; fileRef = 97F2207125AA75FA00BD3C58 /* NotificationExtension.swift */; };
/* End PBXBuildFile section */

/* Begin PBXFileReference section */
		97F21FD425A6E3A700BD3C58 /* VirtualTourist.app */ = {isa = PBXFileReference; explicitFileType = wrapper.application; includeInIndex = 0; path = VirtualTourist.app; sourceTree = BUILT_PRODUCTS_DIR; };
		97F21FD725A6E3A700BD3C58 /* AppDelegate.swift */ = {isa = PBXFileReference; lastKnownFileType = sourcecode.swift; path = AppDelegate.swift; sourceTree = "<group>"; };
		97F21FD925A6E3A700BD3C58 /* SceneDelegate.swift */ = {isa = PBXFileReference; lastKnownFileType = sourcecode.swift; path = SceneDelegate.swift; sourceTree = "<group>"; };
		97F21FDB25A6E3A700BD3C58 /* MapViewController.swift */ = {isa = PBXFileReference; lastKnownFileType = sourcecode.swift; path = MapViewController.swift; sourceTree = "<group>"; };
		97F21FDE25A6E3A700BD3C58 /* Base */ = {isa = PBXFileReference; lastKnownFileType = file.storyboard; name = Base; path = Base.lproj/Main.storyboard; sourceTree = "<group>"; };
		97F21FE025A6E3AC00BD3C58 /* Assets.xcassets */ = {isa = PBXFileReference; lastKnownFileType = folder.assetcatalog; path = Assets.xcassets; sourceTree = "<group>"; };
		97F21FE325A6E3AC00BD3C58 /* Base */ = {isa = PBXFileReference; lastKnownFileType = file.storyboard; name = Base; path = Base.lproj/LaunchScreen.storyboard; sourceTree = "<group>"; };
		97F21FE525A6E3AC00BD3C58 /* Info.plist */ = {isa = PBXFileReference; lastKnownFileType = text.plist.xml; path = Info.plist; sourceTree = "<group>"; };
		97F21FF825A6F0FC00BD3C58 /* DetailViewController.swift */ = {isa = PBXFileReference; lastKnownFileType = sourcecode.swift; path = DetailViewController.swift; sourceTree = "<group>"; };
		97F21FFC25A7D9E400BD3C58 /* CoordinateExtension.swift */ = {isa = PBXFileReference; lastKnownFileType = sourcecode.swift; path = CoordinateExtension.swift; sourceTree = "<group>"; };
		97F2200825A8FBD200BD3C58 /* VTClient.swift */ = {isa = PBXFileReference; lastKnownFileType = sourcecode.swift; path = VTClient.swift; sourceTree = "<group>"; };
		97F2205625A970F000BD3C58 /* Model.xcdatamodel */ = {isa = PBXFileReference; lastKnownFileType = wrapper.xcdatamodel; path = Model.xcdatamodel; sourceTree = "<group>"; };
		97F2206125A9A92400BD3C58 /* PhotoInfo.swift */ = {isa = PBXFileReference; lastKnownFileType = sourcecode.swift; path = PhotoInfo.swift; sourceTree = "<group>"; };
		97F2206425AA089C00BD3C58 /* Photos.swift */ = {isa = PBXFileReference; lastKnownFileType = sourcecode.swift; path = Photos.swift; sourceTree = "<group>"; };
		97F2206725AA0AD500BD3C58 /* PhotoSearch.swift */ = {isa = PBXFileReference; lastKnownFileType = sourcecode.swift; path = PhotoSearch.swift; sourceTree = "<group>"; };
		97F2206B25AA512100BD3C58 /* ImageCollectionViewCell.swift */ = {isa = PBXFileReference; lastKnownFileType = sourcecode.swift; path = ImageCollectionViewCell.swift; sourceTree = "<group>"; };
		97F2206E25AA694C00BD3C58 /* AppData.swift */ = {isa = PBXFileReference; lastKnownFileType = sourcecode.swift; path = AppData.swift; sourceTree = "<group>"; };
		97F2207125AA75FA00BD3C58 /* NotificationExtension.swift */ = {isa = PBXFileReference; lastKnownFileType = sourcecode.swift; path = NotificationExtension.swift; sourceTree = "<group>"; };
/* End PBXFileReference section */

/* Begin PBXFrameworksBuildPhase section */
		97F21FD125A6E3A700BD3C58 /* Frameworks */ = {
			isa = PBXFrameworksBuildPhase;
			buildActionMask = 2147483647;
			files = (
				97F2204625A939AD00BD3C58 /* OAuthSwift in Frameworks */,
				97F2205B25A99DD400BD3C58 /* Alamofire in Frameworks */,
			);
			runOnlyForDeploymentPostprocessing = 0;
		};
/* End PBXFrameworksBuildPhase section */

/* Begin PBXGroup section */
		97F21FCB25A6E3A700BD3C58 = {
			isa = PBXGroup;
			children = (
				97F21FD625A6E3A700BD3C58 /* VirtualTourist */,
				97F21FD525A6E3A700BD3C58 /* Products */,
			);
			sourceTree = "<group>";
		};
		97F21FD525A6E3A700BD3C58 /* Products */ = {
			isa = PBXGroup;
			children = (
				97F21FD425A6E3A700BD3C58 /* VirtualTourist.app */,
			);
			name = Products;
			sourceTree = "<group>";
		};
		97F21FD625A6E3A700BD3C58 /* VirtualTourist */ = {
			isa = PBXGroup;
			children = (
				97F21FF525A6EC4B00BD3C58 /* Model */,
				97F21FD725A6E3A700BD3C58 /* AppDelegate.swift */,
				97F21FD925A6E3A700BD3C58 /* SceneDelegate.swift */,
				97F21FF325A6E55900BD3C58 /* Controller */,
				97F21FF125A6E54F00BD3C58 /* View */,
				97F21FE025A6E3AC00BD3C58 /* Assets.xcassets */,
				97F21FE525A6E3AC00BD3C58 /* Info.plist */,
			);
			path = VirtualTourist;
			sourceTree = "<group>";
		};
		97F21FF125A6E54F00BD3C58 /* View */ = {
			isa = PBXGroup;
			children = (
				97F21FDD25A6E3A700BD3C58 /* Main.storyboard */,
				97F21FE225A6E3AC00BD3C58 /* LaunchScreen.storyboard */,
			);
			path = View;
			sourceTree = "<group>";
		};
		97F21FF325A6E55900BD3C58 /* Controller */ = {
			isa = PBXGroup;
			children = (
				97F21FDB25A6E3A700BD3C58 /* MapViewController.swift */,
				97F21FF825A6F0FC00BD3C58 /* DetailViewController.swift */,
				97F2206B25AA512100BD3C58 /* ImageCollectionViewCell.swift */,
			);
			path = Controller;
			sourceTree = "<group>";
		};
		97F21FF525A6EC4B00BD3C58 /* Model */ = {
			isa = PBXGroup;
			children = (
				97F2200825A8FBD200BD3C58 /* VTClient.swift */,
				97F2206025A9A91100BD3C58 /* Response */,
				97F2200625A8FBB900BD3C58 /* Request */,
				97F21FFF25A7D9F500BD3C58 /* Extension */,
				97F2205525A970F000BD3C58 /* Model.xcdatamodeld */,
				97F2206E25AA694C00BD3C58 /* AppData.swift */,
			);
			path = Model;
			sourceTree = "<group>";
		};
		97F21FFF25A7D9F500BD3C58 /* Extension */ = {
			isa = PBXGroup;
			children = (
				97F21FFC25A7D9E400BD3C58 /* CoordinateExtension.swift */,
				97F2207125AA75FA00BD3C58 /* NotificationExtension.swift */,
			);
			path = Extension;
			sourceTree = "<group>";
		};
		97F2200625A8FBB900BD3C58 /* Request */ = {
			isa = PBXGroup;
			children = (
			);
			path = Request;
			sourceTree = "<group>";
		};
		97F2206025A9A91100BD3C58 /* Response */ = {
			isa = PBXGroup;
			children = (
				97F2206125A9A92400BD3C58 /* PhotoInfo.swift */,
				97F2206425AA089C00BD3C58 /* Photos.swift */,
				97F2206725AA0AD500BD3C58 /* PhotoSearch.swift */,
			);
			path = Response;
			sourceTree = "<group>";
		};
/* End PBXGroup section */

/* Begin PBXNativeTarget section */
		97F21FD325A6E3A700BD3C58 /* VirtualTourist */ = {
			isa = PBXNativeTarget;
			buildConfigurationList = 97F21FE825A6E3AC00BD3C58 /* Build configuration list for PBXNativeTarget "VirtualTourist" */;
			buildPhases = (
				97F21FD025A6E3A700BD3C58 /* Sources */,
				97F21FD125A6E3A700BD3C58 /* Frameworks */,
				97F21FD225A6E3A700BD3C58 /* Resources */,
			);
			buildRules = (
			);
			dependencies = (
				97F2205E25A99DE700BD3C58 /* PBXTargetDependency */,
				97F2204925A939C400BD3C58 /* PBXTargetDependency */,
			);
			name = VirtualTourist;
			packageProductDependencies = (
				97F2204525A939AD00BD3C58 /* OAuthSwift */,
				97F2205A25A99DD400BD3C58 /* Alamofire */,
			);
			productName = VirtualTourist;
			productReference = 97F21FD425A6E3A700BD3C58 /* VirtualTourist.app */;
			productType = "com.apple.product-type.application";
		};
/* End PBXNativeTarget section */

/* Begin PBXProject section */
		97F21FCC25A6E3A700BD3C58 /* Project object */ = {
			isa = PBXProject;
			attributes = {
				LastSwiftUpdateCheck = 1230;
				LastUpgradeCheck = 1230;
				TargetAttributes = {
					97F21FD325A6E3A700BD3C58 = {
						CreatedOnToolsVersion = 12.3;
					};
				};
			};
			buildConfigurationList = 97F21FCF25A6E3A700BD3C58 /* Build configuration list for PBXProject "VirtualTourist" */;
			compatibilityVersion = "Xcode 9.3";
			developmentRegion = en;
			hasScannedForEncodings = 0;
			knownRegions = (
				en,
				Base,
			);
			mainGroup = 97F21FCB25A6E3A700BD3C58;
			packageReferences = (
				97F2204425A939AD00BD3C58 /* XCRemoteSwiftPackageReference "OAuthSwift" */,
				97F2205925A99DD400BD3C58 /* XCRemoteSwiftPackageReference "Alamofire" */,
			);
			productRefGroup = 97F21FD525A6E3A700BD3C58 /* Products */;
			projectDirPath = "";
			projectRoot = "";
			targets = (
				97F21FD325A6E3A700BD3C58 /* VirtualTourist */,
			);
		};
/* End PBXProject section */

/* Begin PBXResourcesBuildPhase section */
		97F21FD225A6E3A700BD3C58 /* Resources */ = {
			isa = PBXResourcesBuildPhase;
			buildActionMask = 2147483647;
			files = (
				97F21FE425A6E3AC00BD3C58 /* LaunchScreen.storyboard in Resources */,
				97F21FE125A6E3AC00BD3C58 /* Assets.xcassets in Resources */,
				97F21FDF25A6E3A700BD3C58 /* Main.storyboard in Resources */,
			);
			runOnlyForDeploymentPostprocessing = 0;
		};
/* End PBXResourcesBuildPhase section */

/* Begin PBXSourcesBuildPhase section */
		97F21FD025A6E3A700BD3C58 /* Sources */ = {
			isa = PBXSourcesBuildPhase;
			buildActionMask = 2147483647;
			files = (
				97F2206225A9A92400BD3C58 /* PhotoInfo.swift in Sources */,
				97F2206C25AA512200BD3C58 /* ImageCollectionViewCell.swift in Sources */,
				97F2200925A8FBD200BD3C58 /* VTClient.swift in Sources */,
				97F21FDC25A6E3A700BD3C58 /* MapViewController.swift in Sources */,
				97F2207225AA75FA00BD3C58 /* NotificationExtension.swift in Sources */,
				97F21FD825A6E3A700BD3C58 /* AppDelegate.swift in Sources */,
				97F2206825AA0AD500BD3C58 /* PhotoSearch.swift in Sources */,
				97F2206525AA089C00BD3C58 /* Photos.swift in Sources */,
				97F2205725A970F000BD3C58 /* Model.xcdatamodeld in Sources */,
				97F21FFD25A7D9E400BD3C58 /* CoordinateExtension.swift in Sources */,
				97F21FDA25A6E3A700BD3C58 /* SceneDelegate.swift in Sources */,
				97F21FF925A6F0FC00BD3C58 /* DetailViewController.swift in Sources */,
				97F2206F25AA694C00BD3C58 /* AppData.swift in Sources */,
			);
			runOnlyForDeploymentPostprocessing = 0;
		};
/* End PBXSourcesBuildPhase section */

/* Begin PBXTargetDependency section */
		97F2204925A939C400BD3C58 /* PBXTargetDependency */ = {
			isa = PBXTargetDependency;
			productRef = 97F2204825A939C400BD3C58 /* OAuthSwift */;
		};
		97F2205E25A99DE700BD3C58 /* PBXTargetDependency */ = {
			isa = PBXTargetDependency;
			productRef = 97F2205D25A99DE700BD3C58 /* Alamofire */;
		};
/* End PBXTargetDependency section */

/* Begin PBXVariantGroup section */
		97F21FDD25A6E3A700BD3C58 /* Main.storyboard */ = {
			isa = PBXVariantGroup;
			children = (
				97F21FDE25A6E3A700BD3C58 /* Base */,
			);
			name = Main.storyboard;
			sourceTree = "<group>";
		};
		97F21FE225A6E3AC00BD3C58 /* LaunchScreen.storyboard */ = {
			isa = PBXVariantGroup;
			children = (
				97F21FE325A6E3AC00BD3C58 /* Base */,
			);
			name = LaunchScreen.storyboard;
			sourceTree = "<group>";
		};
/* End PBXVariantGroup section */

/* Begin XCBuildConfiguration section */
		97F21FE625A6E3AC00BD3C58 /* Debug */ = {
			isa = XCBuildConfiguration;
			buildSettings = {
				ALWAYS_SEARCH_USER_PATHS = NO;
				CLANG_ANALYZER_NONNULL = YES;
				CLANG_ANALYZER_NUMBER_OBJECT_CONVERSION = YES_AGGRESSIVE;
				CLANG_CXX_LANGUAGE_STANDARD = "gnu++14";
				CLANG_CXX_LIBRARY = "libc++";
				CLANG_ENABLE_MODULES = YES;
				CLANG_ENABLE_OBJC_ARC = YES;
				CLANG_ENABLE_OBJC_WEAK = YES;
				CLANG_WARN_BLOCK_CAPTURE_AUTORELEASING = YES;
				CLANG_WARN_BOOL_CONVERSION = YES;
				CLANG_WARN_COMMA = YES;
				CLANG_WARN_CONSTANT_CONVERSION = YES;
				CLANG_WARN_DEPRECATED_OBJC_IMPLEMENTATIONS = YES;
				CLANG_WARN_DIRECT_OBJC_ISA_USAGE = YES_ERROR;
				CLANG_WARN_DOCUMENTATION_COMMENTS = YES;
				CLANG_WARN_EMPTY_BODY = YES;
				CLANG_WARN_ENUM_CONVERSION = YES;
				CLANG_WARN_INFINITE_RECURSION = YES;
				CLANG_WARN_INT_CONVERSION = YES;
				CLANG_WARN_NON_LITERAL_NULL_CONVERSION = YES;
				CLANG_WARN_OBJC_IMPLICIT_RETAIN_SELF = YES;
				CLANG_WARN_OBJC_LITERAL_CONVERSION = YES;
				CLANG_WARN_OBJC_ROOT_CLASS = YES_ERROR;
				CLANG_WARN_QUOTED_INCLUDE_IN_FRAMEWORK_HEADER = YES;
				CLANG_WARN_RANGE_LOOP_ANALYSIS = YES;
				CLANG_WARN_STRICT_PROTOTYPES = YES;
				CLANG_WARN_SUSPICIOUS_MOVE = YES;
				CLANG_WARN_UNGUARDED_AVAILABILITY = YES_AGGRESSIVE;
				CLANG_WARN_UNREACHABLE_CODE = YES;
				CLANG_WARN__DUPLICATE_METHOD_MATCH = YES;
				COPY_PHASE_STRIP = NO;
				DEBUG_INFORMATION_FORMAT = dwarf;
				ENABLE_STRICT_OBJC_MSGSEND = YES;
				ENABLE_TESTABILITY = YES;
				GCC_C_LANGUAGE_STANDARD = gnu11;
				GCC_DYNAMIC_NO_PIC = NO;
				GCC_NO_COMMON_BLOCKS = YES;
				GCC_OPTIMIZATION_LEVEL = 0;
				GCC_PREPROCESSOR_DEFINITIONS = (
					"DEBUG=1",
					"$(inherited)",
				);
				GCC_WARN_64_TO_32_BIT_CONVERSION = YES;
				GCC_WARN_ABOUT_RETURN_TYPE = YES_ERROR;
				GCC_WARN_UNDECLARED_SELECTOR = YES;
				GCC_WARN_UNINITIALIZED_AUTOS = YES_AGGRESSIVE;
				GCC_WARN_UNUSED_FUNCTION = YES;
				GCC_WARN_UNUSED_VARIABLE = YES;
				IPHONEOS_DEPLOYMENT_TARGET = 14.3;
				MTL_ENABLE_DEBUG_INFO = INCLUDE_SOURCE;
				MTL_FAST_MATH = YES;
				ONLY_ACTIVE_ARCH = YES;
				SDKROOT = iphoneos;
				SWIFT_ACTIVE_COMPILATION_CONDITIONS = DEBUG;
				SWIFT_OPTIMIZATION_LEVEL = "-Onone";
			};
			name = Debug;
		};
		97F21FE725A6E3AC00BD3C58 /* Release */ = {
			isa = XCBuildConfiguration;
			buildSettings = {
				ALWAYS_SEARCH_USER_PATHS = NO;
				CLANG_ANALYZER_NONNULL = YES;
				CLANG_ANALYZER_NUMBER_OBJECT_CONVERSION = YES_AGGRESSIVE;
				CLANG_CXX_LANGUAGE_STANDARD = "gnu++14";
				CLANG_CXX_LIBRARY = "libc++";
				CLANG_ENABLE_MODULES = YES;
				CLANG_ENABLE_OBJC_ARC = YES;
				CLANG_ENABLE_OBJC_WEAK = YES;
				CLANG_WARN_BLOCK_CAPTURE_AUTORELEASING = YES;
				CLANG_WARN_BOOL_CONVERSION = YES;
				CLANG_WARN_COMMA = YES;
				CLANG_WARN_CONSTANT_CONVERSION = YES;
				CLANG_WARN_DEPRECATED_OBJC_IMPLEMENTATIONS = YES;
				CLANG_WARN_DIRECT_OBJC_ISA_USAGE = YES_ERROR;
				CLANG_WARN_DOCUMENTATION_COMMENTS = YES;
				CLANG_WARN_EMPTY_BODY = YES;
				CLANG_WARN_ENUM_CONVERSION = YES;
				CLANG_WARN_INFINITE_RECURSION = YES;
				CLANG_WARN_INT_CONVERSION = YES;
				CLANG_WARN_NON_LITERAL_NULL_CONVERSION = YES;
				CLANG_WARN_OBJC_IMPLICIT_RETAIN_SELF = YES;
				CLANG_WARN_OBJC_LITERAL_CONVERSION = YES;
				CLANG_WARN_OBJC_ROOT_CLASS = YES_ERROR;
				CLANG_WARN_QUOTED_INCLUDE_IN_FRAMEWORK_HEADER = YES;
				CLANG_WARN_RANGE_LOOP_ANALYSIS = YES;
				CLANG_WARN_STRICT_PROTOTYPES = YES;
				CLANG_WARN_SUSPICIOUS_MOVE = YES;
				CLANG_WARN_UNGUARDED_AVAILABILITY = YES_AGGRESSIVE;
				CLANG_WARN_UNREACHABLE_CODE = YES;
				CLANG_WARN__DUPLICATE_METHOD_MATCH = YES;
				COPY_PHASE_STRIP = NO;
				DEBUG_INFORMATION_FORMAT = "dwarf-with-dsym";
				ENABLE_NS_ASSERTIONS = NO;
				ENABLE_STRICT_OBJC_MSGSEND = YES;
				GCC_C_LANGUAGE_STANDARD = gnu11;
				GCC_NO_COMMON_BLOCKS = YES;
				GCC_WARN_64_TO_32_BIT_CONVERSION = YES;
				GCC_WARN_ABOUT_RETURN_TYPE = YES_ERROR;
				GCC_WARN_UNDECLARED_SELECTOR = YES;
				GCC_WARN_UNINITIALIZED_AUTOS = YES_AGGRESSIVE;
				GCC_WARN_UNUSED_FUNCTION = YES;
				GCC_WARN_UNUSED_VARIABLE = YES;
				IPHONEOS_DEPLOYMENT_TARGET = 14.3;
				MTL_ENABLE_DEBUG_INFO = NO;
				MTL_FAST_MATH = YES;
				SDKROOT = iphoneos;
				SWIFT_COMPILATION_MODE = wholemodule;
				SWIFT_OPTIMIZATION_LEVEL = "-O";
				VALIDATE_PRODUCT = YES;
			};
			name = Release;
		};
		97F21FE925A6E3AC00BD3C58 /* Debug */ = {
			isa = XCBuildConfiguration;
			buildSettings = {
				ASSETCATALOG_COMPILER_APPICON_NAME = AppIcon;
				ASSETCATALOG_COMPILER_GLOBAL_ACCENT_COLOR_NAME = AccentColor;
				CODE_SIGN_STYLE = Automatic;
				FRAMEWORK_SEARCH_PATHS = (
					"$(inherited)",
					"$(PROJECT_DIR)/Carthage/Build/iOS",
				);
				INFOPLIST_FILE = VirtualTourist/Info.plist;
				LD_RUNPATH_SEARCH_PATHS = (
					"$(inherited)",
					"@executable_path/Frameworks",
				);
				PRODUCT_BUNDLE_IDENTIFIER = htq.VirtualTourist;
				PRODUCT_NAME = "$(TARGET_NAME)";
				SWIFT_VERSION = 5.0;
				TARGETED_DEVICE_FAMILY = "1,2";
			};
			name = Debug;
		};
		97F21FEA25A6E3AC00BD3C58 /* Release */ = {
			isa = XCBuildConfiguration;
			buildSettings = {
				ASSETCATALOG_COMPILER_APPICON_NAME = AppIcon;
				ASSETCATALOG_COMPILER_GLOBAL_ACCENT_COLOR_NAME = AccentColor;
				CODE_SIGN_STYLE = Automatic;
				FRAMEWORK_SEARCH_PATHS = (
					"$(inherited)",
					"$(PROJECT_DIR)/Carthage/Build/iOS",
				);
				INFOPLIST_FILE = VirtualTourist/Info.plist;
				LD_RUNPATH_SEARCH_PATHS = (
					"$(inherited)",
					"@executable_path/Frameworks",
				);
				PRODUCT_BUNDLE_IDENTIFIER = htq.VirtualTourist;
				PRODUCT_NAME = "$(TARGET_NAME)";
				SWIFT_VERSION = 5.0;
				TARGETED_DEVICE_FAMILY = "1,2";
			};
			name = Release;
		};
/* End XCBuildConfiguration section */

/* Begin XCConfigurationList section */
		97F21FCF25A6E3A700BD3C58 /* Build configuration list for PBXProject "VirtualTourist" */ = {
			isa = XCConfigurationList;
			buildConfigurations = (
				97F21FE625A6E3AC00BD3C58 /* Debug */,
				97F21FE725A6E3AC00BD3C58 /* Release */,
			);
			defaultConfigurationIsVisible = 0;
			defaultConfigurationName = Release;
		};
		97F21FE825A6E3AC00BD3C58 /* Build configuration list for PBXNativeTarget "VirtualTourist" */ = {
			isa = XCConfigurationList;
			buildConfigurations = (
				97F21FE925A6E3AC00BD3C58 /* Debug */,
				97F21FEA25A6E3AC00BD3C58 /* Release */,
			);
			defaultConfigurationIsVisible = 0;
			defaultConfigurationName = Release;
		};
/* End XCConfigurationList section */

/* Begin XCRemoteSwiftPackageReference section */
		97F2204425A939AD00BD3C58 /* XCRemoteSwiftPackageReference "OAuthSwift" */ = {
			isa = XCRemoteSwiftPackageReference;
			repositoryURL = "https://github.com/OAuthSwift/OAuthSwift.git";
			requirement = {
				kind = upToNextMajorVersion;
				minimumVersion = 2.1.2;
			};
		};
		97F2205925A99DD400BD3C58 /* XCRemoteSwiftPackageReference "Alamofire" */ = {
			isa = XCRemoteSwiftPackageReference;
			repositoryURL = "https://github.com/Alamofire/Alamofire.git";
			requirement = {
				kind = upToNextMajorVersion;
				minimumVersion = 5.4.1;
			};
		};
/* End XCRemoteSwiftPackageReference section */

/* Begin XCSwiftPackageProductDependency section */
		97F2204525A939AD00BD3C58 /* OAuthSwift */ = {
			isa = XCSwiftPackageProductDependency;
			package = 97F2204425A939AD00BD3C58 /* XCRemoteSwiftPackageReference "OAuthSwift" */;
			productName = OAuthSwift;
		};
		97F2204825A939C400BD3C58 /* OAuthSwift */ = {
			isa = XCSwiftPackageProductDependency;
			package = 97F2204425A939AD00BD3C58 /* XCRemoteSwiftPackageReference "OAuthSwift" */;
			productName = OAuthSwift;
		};
		97F2205A25A99DD400BD3C58 /* Alamofire */ = {
			isa = XCSwiftPackageProductDependency;
			package = 97F2205925A99DD400BD3C58 /* XCRemoteSwiftPackageReference "Alamofire" */;
			productName = Alamofire;
		};
		97F2205D25A99DE700BD3C58 /* Alamofire */ = {
			isa = XCSwiftPackageProductDependency;
			package = 97F2205925A99DD400BD3C58 /* XCRemoteSwiftPackageReference "Alamofire" */;
			productName = Alamofire;
		};
/* End XCSwiftPackageProductDependency section */

/* Begin XCVersionGroup section */
		97F2205525A970F000BD3C58 /* Model.xcdatamodeld */ = {
			isa = XCVersionGroup;
			children = (
				97F2205625A970F000BD3C58 /* Model.xcdatamodel */,
			);
			currentVersion = 97F2205625A970F000BD3C58 /* Model.xcdatamodel */;
			path = Model.xcdatamodeld;
			sourceTree = "<group>";
			versionGroupType = wrapper.xcdatamodel;
		};
/* End XCVersionGroup section */
	};
	rootObject = 97F21FCC25A6E3A700BD3C58 /* Project object */;
}
